github.com/amarnathcjd/gogram v0.0.0-20240509184203-b9bb5e336d9f h1:SL4kqimZCrviMxRNXzjuUYFl20+hBRbuZSeDSkK8O+0=
github.com/amarnathcjd/gogram v0.0.0-20240509184203-b9bb5e336d9f/go.mod h1:YM9+1gsoUx0sgYtPBeBFvtZWZ01GET0ya0VEnPNPlyc=
github.com/amarnathcjd/gogram v0.0.0-20240919091939-1c59d4854162 h1:uWgJ/3Sl7lR7edPhQUnil1fNB5za/n9oxBNQvmqd2yA=
github.com/amarnathcjd/gogram v0.0.0-20240919091939-1c59d4854162/go.mod h1:8t60J4Cxiub4x4FhQDUbLxVVHBSpPQ2xselsVyL8bnQ=
github.com/davecgh/go-spew v1.1.1 h1:vj9j/u1bqnvCEfJOwUhtlOARqs3+rkHYY13jYWTU97c=
github.com/davecgh/go-spew v1.1.1/go.mod h1:J7Y8YcW2NihsgmVo/mv3lAwl/skON4iLHjSsI+c5H38=
github.com/pkg/errors v0.9.1 h1:FEBLx1zS214owpjy7qsBeixbURkuhQAwrK5UwLGTwt4=
github.com/pkg/errors v0.9.1/go.mod h1:bwawxfHBFNV+L2hUp1rHADufV3IMtnDRdf1r5NINEl0=
golang.org/x/net v0.25.0 h1:d/OCCoBEUq33pjydKrGQhw7IlUPI2Oylr+8qLx49kac=
golang.org/x/net v0.25.0/go.mod h1:JkAGAh7GEvH74S6FOH42FLoXpXbE/aqXSrIQjXgsiwM=
golang.org/x/net v0.29.0 h1:5ORfpBpCs4HzDYoodCDBbwHzdR5UrLBZ3sOnUJmFoHo=
golang.org/x/net v0.29.0/go.mod h1:gLkgy8jTGERgjzMic6DS9+SP0ajcu6Xu3Orq/SpETg0=
